
Microsoft Visual Studio Solution File, Format Version 12.00
Project("{FAE04EC0-301F-11D3-BF4B-00C04F79EFBC}") = "MERXEditor", "MERXEditor\MERXEditor.csproj", "{8C339022-ABBC-4423-ACED-4272CEE9C9DF}"
EndProject
Project("{FAE04EC0-301F-11D3-BF4B-00C04F79EFBC}") = "MERXPlugin", "MERXPlugin\MERXPlugin.csproj", "{1A44806D-9804-4B93-935D-EB5CAAEBF082}"
EndProject
Global
	GlobalSection(SolutionConfigurationPlatforms) = preSolution
		Debug|Any CPU = Debug|Any CPU
		Release|Any CPU = Release|Any CPU
	EndGlobalSection
	GlobalSection(ProjectConfigurationPlatforms) = postSolution
		{8C339022-ABBC-4423-ACED-4272CEE9C9DF}.Debug|Any CPU.ActiveCfg = Debug|Any CPU
		{8C339022-ABBC-4423-ACED-4272CEE9C9DF}.Debug|Any CPU.Build.0 = Debug|Any CPU
		{8C339022-ABBC-4423-ACED-4272CEE9C9DF}.Release|Any CPU.ActiveCfg = Release|Any CPU
		{8C339022-ABBC-4423-ACED-4272CEE9C9DF}.Release|Any CPU.Build.0 = Release|Any CPU
		{1A44806D-9804-4B93-935D-EB5CAAEBF082}.Debug|Any CPU.ActiveCfg = Debug|Any CPU
		{1A44806D-9804-4B93-935D-EB5CAAEBF082}.Debug|Any CPU.Build.0 = Debug|Any CPU
		{1A44806D-9804-4B93-935D-EB5CAAEBF082}.Release|Any CPU.ActiveCfg = Release|Any CPU
		{1A44806D-9804-4B93-935D-EB5CAAEBF082}.Release|Any CPU.Build.0 = Release|Any CPU
	EndGlobalSection
EndGlobal
